
Microsoft Visual Studio Solution File, Format Version 12.00
# Visual Studio Version 17
VisualStudioVersion = 17.8.34601.278
MinimumVisualStudioVersion = 10.0.40219.1
Project("{FAE04EC0-301F-11D3-BF4B-00C04F79EFBC}") = "EmployeeBirthdayGiftVotingSystem", "EmployeeBirthdayGiftVotingSystem\EmployeeBirthdayGiftVotingSystem.csproj", "{0F4221E4-55AF-4485-A155-1DA887FBF701}"
EndProject
Project("{E53339B2-1760-4266-BCC7-CA923CBCF16C}") = "docker-compose", "docker-compose.dcproj", "{65A989BA-9BDC-4C92-8646-F359F0F3AC6F}"
EndProject
Global
	GlobalSection(SolutionConfigurationPlatforms) = preSolution
		Debug|Any CPU = Debug|Any CPU
		Release|Any CPU = Release|Any CPU
	EndGlobalSection
	GlobalSection(ProjectConfigurationPlatforms) = postSolution
		{0F4221E4-55AF-4485-A155-1DA887FBF701}.Debug|Any CPU.ActiveCfg = Debug|Any CPU
		{0F4221E4-55AF-4485-A155-1DA887FBF701}.Debug|Any CPU.Build.0 = Debug|Any CPU
		{0F4221E4-55AF-4485-A155-1DA887FBF701}.Release|Any CPU.ActiveCfg = Release|Any CPU
		{0F4221E4-55AF-4485-A155-1DA887FBF701}.Release|Any CPU.Build.0 = Release|Any CPU
		{65A989BA-9BDC-4C92-8646-F359F0F3AC6F}.Debug|Any CPU.ActiveCfg = Debug|Any CPU
		{65A989BA-9BDC-4C92-8646-F359F0F3AC6F}.Debug|Any CPU.Build.0 = Debug|Any CPU
		{65A989BA-9BDC-4C92-8646-F359F0F3AC6F}.Release|Any CPU.ActiveCfg = Release|Any CPU
		{65A989BA-9BDC-4C92-8646-F359F0F3AC6F}.Release|Any CPU.Build.0 = Release|Any CPU
	EndGlobalSection
	GlobalSection(SolutionProperties) = preSolution
		HideSolutionNode = FALSE
	EndGlobalSection
	GlobalSection(ExtensibilityGlobals) = postSolution
		SolutionGuid = {AFEEAC26-5332-4E11-9D05-8C1F97F65EDC}
	EndGlobalSection
EndGlobal
